
Microsoft Visual Studio Solution File, Format Version 12.00
# Visual Studio Version 16
VisualStudioVersion = 16.0.31702.278
MinimumVisualStudioVersion = 10.0.40219.1
Project("{FAE04EC0-301F-11D3-BF4B-00C04F79EFBC}") = "Factories", "Factories\Factories.csproj", "{837813DC-AD00-4731-93AE-EE94EC66BF94}"
EndProject
Global
	GlobalSection(SolutionConfigurationPlatforms) = preSolution
		Debug|Any CPU = Debug|Any CPU
		Release|Any CPU = Release|Any CPU
	EndGlobalSection
	GlobalSection(ProjectConfigurationPlatforms) = postSolution
		{837813DC-AD00-4731-93AE-EE94EC66BF94}.Debug|Any CPU.ActiveCfg = Debug|Any CPU
		{837813DC-AD00-4731-93AE-EE94EC66BF94}.Debug|Any CPU.Build.0 = Debug|Any CPU
		{837813DC-AD00-4731-93AE-EE94EC66BF94}.Release|Any CPU.ActiveCfg = Release|Any CPU
		{837813DC-AD00-4731-93AE-EE94EC66BF94}.Release|Any CPU.Build.0 = Release|Any CPU
	EndGlobalSection
	GlobalSection(SolutionProperties) = preSolution
		HideSolutionNode = FALSE
	EndGlobalSection
	GlobalSection(ExtensibilityGlobals) = postSolution
		SolutionGuid = {785A5EF4-4FE1-4814-9EDA-C622BE767641}
	EndGlobalSection
EndGlobal
